
Microsoft Visual Studio Solution File, Format Version 12.00
# Visual Studio 15
Project("{FAE04EC0-301F-11D3-BF4B-00C04F79EFBC}") = "VentasGpo.Portable", "VentasGpo.Portable.csproj", "{8403AA99-A011-4A3F-853D-C7ED1A31AA69}"
EndProject
Global
	GlobalSection(SolutionConfigurationPlatforms) = preSolution
		Debug|Any CPU = Debug|Any CPU
		Release|Any CPU = Release|Any CPU
	EndGlobalSection
	GlobalSection(ProjectConfigurationPlatforms) = postSolution
		{8403AA99-A011-4A3F-853D-C7ED1A31AA69}.Debug|Any CPU.ActiveCfg = Debug|Any CPU
		{8403AA99-A011-4A3F-853D-C7ED1A31AA69}.Debug|Any CPU.Build.0 = Debug|Any CPU
		{8403AA99-A011-4A3F-853D-C7ED1A31AA69}.Release|Any CPU.ActiveCfg = Release|Any CPU
		{8403AA99-A011-4A3F-853D-C7ED1A31AA69}.Release|Any CPU.Build.0 = Release|Any CPU
	EndGlobalSection
EndGlobal
